{
  "name": "hrv-training",
  "lockfileVersion": 2,
  "requires": true,
  "packages": {
    "": {
      "dependencies": {
        "@avihimsa/heart-rate-variability-analysis": "^0.1.2"
      }
    },
    "node_modules/@avihimsa/heart-rate-variability-analysis": {
      "version": "0.1.2",
      "resolved": "https://registry.npmjs.org/@avihimsa/heart-rate-variability-analysis/-/heart-rate-variability-analysis-0.1.2.tgz",
      "integrity": "sha512-4R8vHSadD8To7JLGf08rtar/S8Yj20kPK2TZghQBPLiM21iDq8XxuHrRkkGLmhe2NcZ5trsO89vvq4nBAlynWQ==",
      "dependencies": {
        "histogramjs": "0.0.1",
        "jStat": "^1.7.1",
        "lodash": "^4.17.11"
      }
    },
    "node_modules/histogramjs": {
      "version": "0.0.1",
      "resolved": "https://registry.npmjs.org/histogramjs/-/histogramjs-0.0.1.tgz",
      "integrity": "sha1-ZkQcLa54NI0k7GHsbh1v3mJniV0="
    },
    "node_modules/jStat": {
      "version": "1.8.6",
      "resolved": "https://registry.npmjs.org/jStat/-/jStat-1.8.6.tgz",
      "integrity": "sha512-Oh/ePZVSoFigme69pHTQudcGh64cpNH9Lz3hBZcRJWLrDqpw7JfuYU9F3dj9py3tBYmHz7og7ZT8hXTNbYq9Rw=="
    },
    "node_modules/lodash": {
      "version": "4.17.21",
      "resolved": "https://registry.npmjs.org/lodash/-/lodash-4.17.21.tgz",
      "integrity": "sha512-v2kDEe57lecTulaDIuNTPy3Ry4gLGJ6Z1O3vE1krgXZNrsQ+LFTGHVxVjcXPs17LhbZVGedAJv8XZ1tvj5FvSg=="
    }
  },
  "dependencies": {
    "@avihimsa/heart-rate-variability-analysis": {
      "version": "0.1.2",
      "resolved": "https://registry.npmjs.org/@avihimsa/heart-rate-variability-analysis/-/heart-rate-variability-analysis-0.1.2.tgz",
      "integrity": "sha512-4R8vHSadD8To7JLGf08rtar/S8Yj20kPK2TZghQBPLiM21iDq8XxuHrRkkGLmhe2NcZ5trsO89vvq4nBAlynWQ==",
      "requires": {
        "histogramjs": "0.0.1",
        "jStat": "^1.7.1",
        "lodash": "^4.17.11"
      }
    },
    "histogramjs": {
      "version": "0.0.1",
      "resolved": "https://registry.npmjs.org/histogramjs/-/histogramjs-0.0.1.tgz",
      "integrity": "sha1-ZkQcLa54NI0k7GHsbh1v3mJniV0="
    },
    "jStat": {
      "version": "1.8.6",
      "resolved": "https://registry.npmjs.org/jStat/-/jStat-1.8.6.tgz",
      "integrity": "sha512-Oh/ePZVSoFigme69pHTQudcGh64cpNH9Lz3hBZcRJWLrDqpw7JfuYU9F3dj9py3tBYmHz7og7ZT8hXTNbYq9Rw=="
    },
    "lodash": {
      "version": "4.17.21",
      "resolved": "https://registry.npmjs.org/lodash/-/lodash-4.17.21.tgz",
      "integrity": "sha512-v2kDEe57lecTulaDIuNTPy3Ry4gLGJ6Z1O3vE1krgXZNrsQ+LFTGHVxVjcXPs17LhbZVGedAJv8XZ1tvj5FvSg=="
    }
  }
}
